
Microsoft Visual Studio Solution File, Format Version 12.00
# Visual Studio Version 17
VisualStudioVersion = 17.10.35027.167
MinimumVisualStudioVersion = 10.0.40219.1
Project("{9A19103F-16F7-4668-BE54-9A1E7A4F7556}") = "Modelos", "Usuario\Modelos.csproj", "{AA3E51A8-71CC-4307-838D-E3AC23CB166E}"
EndProject
Project("{9A19103F-16F7-4668-BE54-9A1E7A4F7556}") = "Negocio", "Negocio\Negocio.csproj", "{18DF539D-46AE-49DF-AF42-253690C3767B}"
EndProject
Project("{9A19103F-16F7-4668-BE54-9A1E7A4F7556}") = "Escritorio", "Escritorio\Escritorio.csproj", "{4AD72981-85E3-4371-8934-2C6D71014204}"
EndProject
Project("{9A19103F-16F7-4668-BE54-9A1E7A4F7556}") = "Datos", "Conexion\Datos.csproj", "{CA7861D6-5140-429F-AD87-E68A7212FE72}"
EndProject
Global
	GlobalSection(SolutionConfigurationPlatforms) = preSolution
		Debug|Any CPU = Debug|Any CPU
		Release|Any CPU = Release|Any CPU
	EndGlobalSection
	GlobalSection(ProjectConfigurationPlatforms) = postSolution
		{AA3E51A8-71CC-4307-838D-E3AC23CB166E}.Debug|Any CPU.ActiveCfg = Debug|Any CPU
		{AA3E51A8-71CC-4307-838D-E3AC23CB166E}.Debug|Any CPU.Build.0 = Debug|Any CPU
		{AA3E51A8-71CC-4307-838D-E3AC23CB166E}.Release|Any CPU.ActiveCfg = Release|Any CPU
		{AA3E51A8-71CC-4307-838D-E3AC23CB166E}.Release|Any CPU.Build.0 = Release|Any CPU
		{18DF539D-46AE-49DF-AF42-253690C3767B}.Debug|Any CPU.ActiveCfg = Debug|Any CPU
		{18DF539D-46AE-49DF-AF42-253690C3767B}.Debug|Any CPU.Build.0 = Debug|Any CPU
		{18DF539D-46AE-49DF-AF42-253690C3767B}.Release|Any CPU.ActiveCfg = Release|Any CPU
		{18DF539D-46AE-49DF-AF42-253690C3767B}.Release|Any CPU.Build.0 = Release|Any CPU
		{4AD72981-85E3-4371-8934-2C6D71014204}.Debug|Any CPU.ActiveCfg = Debug|Any CPU
		{4AD72981-85E3-4371-8934-2C6D71014204}.Debug|Any CPU.Build.0 = Debug|Any CPU
		{4AD72981-85E3-4371-8934-2C6D71014204}.Release|Any CPU.ActiveCfg = Release|Any CPU
		{4AD72981-85E3-4371-8934-2C6D71014204}.Release|Any CPU.Build.0 = Release|Any CPU
		{CA7861D6-5140-429F-AD87-E68A7212FE72}.Debug|Any CPU.ActiveCfg = Debug|Any CPU
		{CA7861D6-5140-429F-AD87-E68A7212FE72}.Debug|Any CPU.Build.0 = Debug|Any CPU
		{CA7861D6-5140-429F-AD87-E68A7212FE72}.Release|Any CPU.ActiveCfg = Release|Any CPU
		{CA7861D6-5140-429F-AD87-E68A7212FE72}.Release|Any CPU.Build.0 = Release|Any CPU
	EndGlobalSection
	GlobalSection(SolutionProperties) = preSolution
		HideSolutionNode = FALSE
	EndGlobalSection
	GlobalSection(ExtensibilityGlobals) = postSolution
		SolutionGuid = {06981964-EC77-4346-AB53-9B16389F8A85}
	EndGlobalSection
EndGlobal
